
Microsoft Visual Studio Solution File, Format Version 12.00
# Visual Studio Version 16
VisualStudioVersion = 16.0.31025.194
MinimumVisualStudioVersion = 10.0.40219.1
Project("{9A19103F-16F7-4668-BE54-9A1E7A4F7556}") = "LambdaCarTest", "LambdaCarTest\LambdaCarTest.csproj", "{F731D6C5-B906-4B57-8EEC-0A0C3F06E873}"
EndProject
Project("{9A19103F-16F7-4668-BE54-9A1E7A4F7556}") = "LambdaCarTest.Tests", "LambdaCarTest.Tests\LambdaCarTest.Tests.csproj", "{E3E38447-E75A-48ED-95F3-B79E7B2F5763}"
EndProject
Global
	GlobalSection(SolutionConfigurationPlatforms) = preSolution
		Debug|Any CPU = Debug|Any CPU
		Release|Any CPU = Release|Any CPU
	EndGlobalSection
	GlobalSection(ProjectConfigurationPlatforms) = postSolution
		{F731D6C5-B906-4B57-8EEC-0A0C3F06E873}.Debug|Any CPU.ActiveCfg = Debug|Any CPU
		{F731D6C5-B906-4B57-8EEC-0A0C3F06E873}.Debug|Any CPU.Build.0 = Debug|Any CPU
		{F731D6C5-B906-4B57-8EEC-0A0C3F06E873}.Release|Any CPU.ActiveCfg = Release|Any CPU
		{F731D6C5-B906-4B57-8EEC-0A0C3F06E873}.Release|Any CPU.Build.0 = Release|Any CPU
		{E3E38447-E75A-48ED-95F3-B79E7B2F5763}.Debug|Any CPU.ActiveCfg = Debug|Any CPU
		{E3E38447-E75A-48ED-95F3-B79E7B2F5763}.Debug|Any CPU.Build.0 = Debug|Any CPU
		{E3E38447-E75A-48ED-95F3-B79E7B2F5763}.Release|Any CPU.ActiveCfg = Release|Any CPU
		{E3E38447-E75A-48ED-95F3-B79E7B2F5763}.Release|Any CPU.Build.0 = Release|Any CPU
	EndGlobalSection
	GlobalSection(SolutionProperties) = preSolution
		HideSolutionNode = FALSE
	EndGlobalSection
	GlobalSection(ExtensibilityGlobals) = postSolution
		SolutionGuid = {CE2220AC-5A04-4077-A8E0-831DB72FFC85}
	EndGlobalSection
EndGlobal
